github.com/gomidi/connect v0.11.1 h1:3u5nXHSUDCj1CkhiY3hes+QzTg//gSD3gUVA5eTythU=
github.com/gomidi/connect v0.11.1/go.mod h1:zu6PoN7Xs/37thtXZ+4Wl1MMg8MxenS7U/M3rn6trNo=
github.com/gomidi/midi v1.6.0 h1:g/aUVDRfFKzCIvmlI2MRc6IKopKdBno2bBb/2a4RYmo=
github.com/gomidi/midi v1.6.0/go.mod h1:B16DbgtsXSbQK9Q75aVezVL6VGhaK+2CVe/ybwUUCHE=
github.com/gomidi/rtmididrv v0.1.26 h1:eS23H1miHBcSn7FOePYLgYF9NCEnNUPw37VrVkZaLKM=
github.com/gomidi/rtmididrv v0.1.26/go.mod h1:55Hofs2shxLSpiBFDzsyzu5TjvY4nk0YtccG1SHXTPI=
github.com/gomidi/rtmididrv/imported/rtmidi v0.0.0-20181003214813-394e08a8a616 h1:li36X3RHhnh40a0jGULcNryHKFEKZrf++Vfj0NpfRVM=
github.com/gomidi/rtmididrv/imported/rtmidi v0.0.0-20181003214813-394e08a8a616/go.mod h1:dbXfsHh+fNtafItiJIgnK6EMw5M/xgtXc7Rmya+cZsQ=
github.com/metakeule/mutex v0.0.1/go.mod h1:/rTh8BoStvpIqJdiFgDBHt9Ib1mMIziunxMenemvjcQ=
gitlab.com/gomidi/midi v1.10.0 h1:zh1vPE1oAPCs1vkFwGGS8iftsQzlChjMxhIQOj9ReSE=
gitlab.com/gomidi/midi v1.10.0/go.mod h1:Geyousi3Lg15GJRg0CnpxQMQIgDLapqJKq2Cbf7LJfs=
gitlab.com/gomidi/midi v1.11.1 h1:Y24HEQ7/OJR5PAiUAZzjTITMg/nfU8Vyw5hwbRXfln0=
gitlab.com/gomidi/midi v1.11.1/go.mod h1:3ohtNOhqoSakkuLG/Li1OI6I3J1c2LErnJF5o/VBq1c=
gitlab.com/gomidi/rtmididrv v0.3.0 h1:7TQ3gmCP2BoceHVs5xWE096rq+TOjiPHG/mfx48ElSs=
gitlab.com/gomidi/rtmididrv v0.3.0/go.mod h1:GmQsVOCVTa1f2pDUxFUl1qRHRYNF1bfWQvYzr4Ixldo=
gitlab.com/gomidi/rtmididrv/imported/rtmidi v0.0.0-20181030132923-7607b12e13d8 h1:dPFDpTtUnvDbVu6znMXXR7tjh2fnv9xip0duVU9w5IE=
gitlab.com/gomidi/rtmididrv/imported/rtmidi v0.0.0-20181030132923-7607b12e13d8/go.mod h1:FYVFN2H23IsX56VntiDF9DgCIekHh359wW+iMl1W8rQ=
